Microsoft Visual Studio Solution File, Format Version 11.00
# Visual Studio 2008

Project("{303D0703-F3CF-17BA-B797-0831DEAE446E}") = "HelloUnity5", "Assembly-CSharp.csproj", "{D905669F-FBDC-B651-A6F6-420941165CC2}"
EndProject
Global
	GlobalSection(SolutionConfigurationPlatforms) = preSolution
		Debug|Any CPU = Debug|Any CPU
		Release|Any CPU = Release|Any CPU
	EndGlobalSection
	GlobalSection(ProjectConfigurationPlatforms) = postSolution
		{D905669F-FBDC-B651-A6F6-420941165CC2}.Debug|Any CPU.ActiveCfg = Debug|Any CPU
		{D905669F-FBDC-B651-A6F6-420941165CC2}.Debug|Any CPU.Build.0 = Debug|Any CPU
		{D905669F-FBDC-B651-A6F6-420941165CC2}.Release|Any CPU.ActiveCfg = Release|Any CPU
		{D905669F-FBDC-B651-A6F6-420941165CC2}.Release|Any CPU.Build.0 = Release|Any CPU
	EndGlobalSection
	GlobalSection(SolutionProperties) = preSolution
		HideSolutionNode = FALSE
	EndGlobalSection
	GlobalSection(MonoDevelopProperties) = preSolution
		StartupItem = Assembly-CSharp.csproj
	EndGlobalSection
EndGlobal
