Microsoft Visual Studio Solution File, Format Version 11.00
# Visual Studio 2008

Project("{303D0703-F3CF-17BA-B797-0831DEAE446E}") = "HelloUnity5", "Assembly-CSharp-firstpass.csproj", "{2F9FFB90-887A-1987-1309-5C1D878EA916}"
EndProject
Project("{303D0703-F3CF-17BA-B797-0831DEAE446E}") = "HelloUnity5", "Assembly-CSharp.csproj", "{D905669F-FBDC-B651-A6F6-420941165CC2}"
EndProject
Project("{303D0703-F3CF-17BA-B797-0831DEAE446E}") = "HelloUnity5", "Assembly-CSharp-Editor.csproj", "{B80D6929-42B3-65FA-1072-E15987E80F24}"
EndProject
Global
	GlobalSection(SolutionConfigurationPlatforms) = preSolution
		Debug|Any CPU = Debug|Any CPU
		Release|Any CPU = Release|Any CPU
	EndGlobalSection
	GlobalSection(ProjectConfigurationPlatforms) = postSolution
		{2F9FFB90-887A-1987-1309-5C1D878EA916}.Debug|Any CPU.ActiveCfg = Debug|Any CPU
		{2F9FFB90-887A-1987-1309-5C1D878EA916}.Debug|Any CPU.Build.0 = Debug|Any CPU
		{2F9FFB90-887A-1987-1309-5C1D878EA916}.Release|Any CPU.ActiveCfg = Release|Any CPU
		{2F9FFB90-887A-1987-1309-5C1D878EA916}.Release|Any CPU.Build.0 = Release|Any CPU
		{D905669F-FBDC-B651-A6F6-420941165CC2}.Debug|Any CPU.ActiveCfg = Debug|Any CPU
		{D905669F-FBDC-B651-A6F6-420941165CC2}.Debug|Any CPU.Build.0 = Debug|Any CPU
		{D905669F-FBDC-B651-A6F6-420941165CC2}.Release|Any CPU.ActiveCfg = Release|Any CPU
		{D905669F-FBDC-B651-A6F6-420941165CC2}.Release|Any CPU.Build.0 = Release|Any CPU
		{B80D6929-42B3-65FA-1072-E15987E80F24}.Debug|Any CPU.ActiveCfg = Debug|Any CPU
		{B80D6929-42B3-65FA-1072-E15987E80F24}.Debug|Any CPU.Build.0 = Debug|Any CPU
		{B80D6929-42B3-65FA-1072-E15987E80F24}.Release|Any CPU.ActiveCfg = Release|Any CPU
		{B80D6929-42B3-65FA-1072-E15987E80F24}.Release|Any CPU.Build.0 = Release|Any CPU
	EndGlobalSection
	GlobalSection(SolutionProperties) = preSolution
		HideSolutionNode = FALSE
	EndGlobalSection
	GlobalSection(MonoDevelopProperties) = preSolution
		StartupItem = Assembly-CSharp.csproj
	EndGlobalSection
EndGlobal
